
Microsoft Visual Studio Solution File, Format Version 12.00
# Visual Studio Version 16
VisualStudioVersion = 16.0.32106.194
MinimumVisualStudioVersion = 10.0.40219.1
Project("{FAE04EC0-301F-11D3-BF4B-00C04F79EFBC}") = "NorthwindProject.API", "NorthwindProject.API\NorthwindProject.API.csproj", "{1A893453-C68F-4226-947B-C1BA95474227}"
EndProject
Project("{FAE04EC0-301F-11D3-BF4B-00C04F79EFBC}") = "NorthwindProject.UI", "NorthwindProject.UI\NorthwindProject.UI.csproj", "{27439FC5-2517-4358-9694-154BDB8DCA83}"
EndProject
Global
	GlobalSection(SolutionConfigurationPlatforms) = preSolution
		Debug|Any CPU = Debug|Any CPU
		Release|Any CPU = Release|Any CPU
	EndGlobalSection
	GlobalSection(ProjectConfigurationPlatforms) = postSolution
		{1A893453-C68F-4226-947B-C1BA95474227}.Debug|Any CPU.ActiveCfg = Debug|Any CPU
		{1A893453-C68F-4226-947B-C1BA95474227}.Debug|Any CPU.Build.0 = Debug|Any CPU
		{1A893453-C68F-4226-947B-C1BA95474227}.Release|Any CPU.ActiveCfg = Release|Any CPU
		{1A893453-C68F-4226-947B-C1BA95474227}.Release|Any CPU.Build.0 = Release|Any CPU
		{27439FC5-2517-4358-9694-154BDB8DCA83}.Debug|Any CPU.ActiveCfg = Debug|Any CPU
		{27439FC5-2517-4358-9694-154BDB8DCA83}.Debug|Any CPU.Build.0 = Debug|Any CPU
		{27439FC5-2517-4358-9694-154BDB8DCA83}.Release|Any CPU.ActiveCfg = Release|Any CPU
		{27439FC5-2517-4358-9694-154BDB8DCA83}.Release|Any CPU.Build.0 = Release|Any CPU
	EndGlobalSection
	GlobalSection(SolutionProperties) = preSolution
		HideSolutionNode = FALSE
	EndGlobalSection
	GlobalSection(ExtensibilityGlobals) = postSolution
		SolutionGuid = {F831BB9C-FCA4-4A16-A4FC-52977516FD45}
	EndGlobalSection
EndGlobal
